lockfileVersion: '9.0'

settings:
  autoInstallPeers: true
  excludeLinksFromLockfile: false

catalogs:
  default:
    '@types/node':
      specifier: ^22.0.0
      version: 22.19.19
    typescript:
      specifier: ^5.8.0
      version: 5.9.3

importers:

  .:
    devDependencies:
      typescript:
        specifier: ^5.8.0
        version: 5.9.3

  apps/cli:
    dependencies:
      '@matatbread/matbot-config':
        specifier: workspace:*
        version: link:../../packages/core/config
      '@matatbread/matbot-core':
        specifier: workspace:*
        version: link:../../packages/core/runner
      '@matatbread/matbot-files-node':
        specifier: workspace:*
        version: link:../../packages/plugins/files
      '@matatbread/matbot-security':
        specifier: workspace:*
        version: link:../../packages/core/security
      '@matatbread/matbot-storage-filesystem':
        specifier: workspace:*
        version: link:../../packages/core/storage/filesystem
      '@matatbread/matbot-tool-plugin':
        specifier: workspace:*
        version: link:../../packages/core/tool-plugin
    devDependencies:
      '@types/node':
        specifier: 'catalog:'
        version: 22.19.19
      typescript:
        specifier: 'catalog:'
        version: 5.9.3

  packages/core/config:
    dependencies:
      '@matatbread/matbot-plugin-api':
        specifier: workspace:*
        version: link:../plugin-api
    devDependencies:
      typescript:
        specifier: 'catalog:'
        version: 5.9.3

  packages/core/plugin-api:
    devDependencies:
      typescript:
        specifier: 'catalog:'
        version: 5.9.3

  packages/core/providers/_base:
    devDependencies:
      typescript:
        specifier: 'catalog:'
        version: 5.9.3

  packages/core/runner:
    dependencies:
      '@matatbread/matbot-plugin-api':
        specifier: workspace:*
        version: link:../plugin-api
    devDependencies:
      typescript:
        specifier: 'catalog:'
        version: 5.9.3

  packages/core/security:
    dependencies:
      '@matatbread/matbot-core':
        specifier: workspace:*
        version: link:../runner
    devDependencies:
      typescript:
        specifier: 'catalog:'
        version: 5.9.3

  packages/core/storage/_base:
    dependencies:
      '@matatbread/matbot-core':
        specifier: workspace:*
        version: link:../../runner
    devDependencies:
      typescript:
        specifier: 'catalog:'
        version: 5.9.3

  packages/core/storage/filesystem:
    dependencies:
      '@matatbread/matbot-core':
        specifier: workspace:*
        version: link:../../runner
      '@matatbread/matbot-storage-base':
        specifier: workspace:*
        version: link:../_base
    devDependencies:
      '@types/node':
        specifier: 'catalog:'
        version: 22.19.19
      typescript:
        specifier: 'catalog:'
        version: 5.9.3

  packages/core/tool-plugin:
    dependencies:
      '@matatbread/matbot-core':
        specifier: workspace:*
        version: link:../runner
      '@matatbread/matbot-plugin-api':
        specifier: workspace:*
        version: link:../plugin-api
    devDependencies:
      '@types/node':
        specifier: 'catalog:'
        version: 22.19.19
      typescript:
        specifier: 'catalog:'
        version: 5.9.3

  packages/plugins/background:
    dependencies:
      '@matatbread/matbot-plugin-api':
        specifier: workspace:*
        version: link:../../core/plugin-api
    devDependencies:
      '@types/node':
        specifier: 'catalog:'
        version: 22.19.19
      typescript:
        specifier: 'catalog:'
        version: 5.9.3

  packages/plugins/bash:
    dependencies:
      '@matatbread/matbot-plugin-api':
        specifier: workspace:*
        version: link:../../core/plugin-api
    devDependencies:
      '@types/node':
        specifier: 'catalog:'
        version: 22.19.19
      typescript:
        specifier: 'catalog:'
        version: 5.9.3

  packages/plugins/browser:
    dependencies:
      '@matatbread/matbot-core':
        specifier: workspace:*
        version: link:../../core/runner
      '@matatbread/matbot-storage-base':
        specifier: workspace:*
        version: link:../../core/storage/_base
    devDependencies:
      typescript:
        specifier: 'catalog:'
        version: 5.9.3

  packages/plugins/docker-bash:
    dependencies:
      '@matatbread/matbot-plugin-api':
        specifier: workspace:*
        version: link:../../core/plugin-api
      '@matatbread/matbot-tool-bash':
        specifier: workspace:*
        version: link:../bash
    devDependencies:
      '@types/node':
        specifier: 'catalog:'
        version: 22.19.19
      typescript:
        specifier: 'catalog:'
        version: 5.9.3

  packages/plugins/files:
    dependencies:
      '@matatbread/matbot-core':
        specifier: workspace:*
        version: link:../../core/runner
    devDependencies:
      '@types/node':
        specifier: 'catalog:'
        version: 22.19.19
      typescript:
        specifier: 'catalog:'
        version: 5.9.3

  packages/plugins/frontend/web:
    dependencies:
      '@matatbread/matbot-core':
        specifier: workspace:*
        version: link:../../../core/runner
      '@matatbread/matbot-plugin-api':
        specifier: workspace:*
        version: link:../../../core/plugin-api
    devDependencies:
      '@types/node':
        specifier: 'catalog:'
        version: 22.19.19
      typescript:
        specifier: 'catalog:'
        version: 5.9.3

  packages/plugins/http:
    dependencies:
      '@matatbread/matbot-plugin-api':
        specifier: workspace:*
        version: link:../../core/plugin-api
    devDependencies:
      typescript:
        specifier: 'catalog:'
        version: 5.9.3

  packages/plugins/mcp:
    dependencies:
      '@matatbread/matbot-plugin-api':
        specifier: workspace:*
        version: link:../../core/plugin-api
    devDependencies:
      '@types/node':
        specifier: 'catalog:'
        version: 22.19.19
      typescript:
        specifier: 'catalog:'
        version: 5.9.3

  packages/plugins/memory:
    dependencies:
      '@matatbread/matbot-core':
        specifier: workspace:*
        version: link:../../core/runner
      '@matatbread/matbot-memory-types':
        specifier: workspace:*
        version: link:../memory-types
    devDependencies:
      '@types/node':
        specifier: 'catalog:'
        version: 22.19.19
      typescript:
        specifier: 'catalog:'
        version: 5.9.3

  packages/plugins/memory-types:
    dependencies:
      '@matatbread/matbot-plugin-api':
        specifier: workspace:*
        version: link:../../core/plugin-api
    devDependencies:
      typescript:
        specifier: 'catalog:'
        version: 5.9.3

  packages/plugins/providers/anthropic:
    dependencies:
      '@matatbread/matbot-plugin-api':
        specifier: workspace:*
        version: link:../../../core/plugin-api
      '@matatbread/matbot-providers-base':
        specifier: workspace:*
        version: link:../../../core/providers/_base
    devDependencies:
      typescript:
        specifier: 'catalog:'
        version: 5.9.3

  packages/plugins/providers/customer-services:
    dependencies:
      '@matatbread/matbot-plugin-api':
        specifier: workspace:*
        version: link:../../../core/plugin-api
    devDependencies:
      typescript:
        specifier: 'catalog:'
        version: 5.9.3

  packages/plugins/providers/openai-compat:
    dependencies:
      '@matatbread/matbot-plugin-api':
        specifier: workspace:*
        version: link:../../../core/plugin-api
      '@matatbread/matbot-providers-base':
        specifier: workspace:*
        version: link:../../../core/providers/_base
    devDependencies:
      typescript:
        specifier: 'catalog:'
        version: 5.9.3

  packages/plugins/schedule:
    dependencies:
      '@matatbread/matbot-plugin-api':
        specifier: workspace:*
        version: link:../../core/plugin-api
    devDependencies:
      typescript:
        specifier: 'catalog:'
        version: 5.9.3

  packages/plugins/sessions:
    dependencies:
      '@matatbread/matbot-plugin-api':
        specifier: workspace:*
        version: link:../../core/plugin-api
    devDependencies:
      typescript:
        specifier: 'catalog:'
        version: 5.9.3

  packages/plugins/skills:
    dependencies:
      '@matatbread/matbot-memory-types':
        specifier: workspace:*
        version: link:../memory-types
      '@matatbread/matbot-plugin-api':
        specifier: workspace:*
        version: link:../../core/plugin-api
    devDependencies:
      '@types/node':
        specifier: 'catalog:'
        version: 22.19.19
      typescript:
        specifier: 'catalog:'
        version: 5.9.3

  packages/plugins/workspace:
    dependencies:
      '@matatbread/matbot-plugin-api':
        specifier: workspace:*
        version: link:../../core/plugin-api
    devDependencies:
      '@types/node':
        specifier: 'catalog:'
        version: 22.19.19
      typescript:
        specifier: 'catalog:'
        version: 5.9.3

packages:

  '@types/node@22.19.19':
    resolution: {integrity: sha512-dyh/xO2Fh5bYrfWaaqGrRQQGkNdmYw6AmaAUvYeUMNTWQtvb796ikLdmTchRmOlOiIJ1TDXfWgVx1QkUlQ6Hew==}

  typescript@5.9.3:
    resolution: {integrity: sha512-jl1vZzPDinLr9eUt3J/t7V6FgNEw9QjvBPdysz9KfQDD41fQrC2Y4vKQdiaUpFT4bXlb1RHhLpp8wtm6M5TgSw==}
    engines: {node: '>=14.17'}
    hasBin: true

  undici-types@6.21.0:
    resolution: {integrity: sha512-iwDZqg0QAGrg9Rav5H4n0M64c3mkR59cJ6wQp+7C4nI0gsmExaedaYLNO44eT4AtBBwjbTiGPMlt2Md0T9H9JQ==}

snapshots:

  '@types/node@22.19.19':
    dependencies:
      undici-types: 6.21.0

  typescript@5.9.3: {}

  undici-types@6.21.0: {}
